
Microsoft Visual Studio Solution File, Format Version 12.00
# Visual Studio 15
VisualStudioVersion = 15.0.27130.2026
MinimumVisualStudioVersion = 10.0.40219.1
Project("{9A19103F-16F7-4668-BE54-9A1E7A4F7556}") = "Sisters.WudiLib", "Sisters.WudiLib\Sisters.WudiLib.csproj", "{5035FEA8-48AD-4FED-87B8-34AA2BEE765B}"
EndProject
Project("{FAE04EC0-301F-11D3-BF4B-00C04F79EFBC}") = "Sisters.WudiLibTest", "Sisters.WudiLibTest\Sisters.WudiLibTest.csproj", "{6C8D4CF5-15EA-4729-AA61-D0264243E63B}"
EndProject
Global
	GlobalSection(SolutionConfigurationPlatforms) = preSolution
		Debug|Any CPU = Debug|Any CPU
		Release|Any CPU = Release|Any CPU
	EndGlobalSection
	GlobalSection(ProjectConfigurationPlatforms) = postSolution
		{5035FEA8-48AD-4FED-87B8-34AA2BEE765B}.Debug|Any CPU.ActiveCfg = Debug|Any CPU
		{5035FEA8-48AD-4FED-87B8-34AA2BEE765B}.Debug|Any CPU.Build.0 = Debug|Any CPU
		{5035FEA8-48AD-4FED-87B8-34AA2BEE765B}.Release|Any CPU.ActiveCfg = Release|Any CPU
		{5035FEA8-48AD-4FED-87B8-34AA2BEE765B}.Release|Any CPU.Build.0 = Release|Any CPU
		{6C8D4CF5-15EA-4729-AA61-D0264243E63B}.Debug|Any CPU.ActiveCfg = Debug|Any CPU
		{6C8D4CF5-15EA-4729-AA61-D0264243E63B}.Debug|Any CPU.Build.0 = Debug|Any CPU
		{6C8D4CF5-15EA-4729-AA61-D0264243E63B}.Release|Any CPU.ActiveCfg = Release|Any CPU
		{6C8D4CF5-15EA-4729-AA61-D0264243E63B}.Release|Any CPU.Build.0 = Release|Any CPU
	EndGlobalSection
	GlobalSection(SolutionProperties) = preSolution
		HideSolutionNode = FALSE
	EndGlobalSection
	GlobalSection(ExtensibilityGlobals) = postSolution
		SolutionGuid = {0E75AEEA-90D7-4A20-9624-4909BDA69A1E}
	EndGlobalSection
EndGlobal
